version: 6
environments:
  default:
    channels:
    - url: https://prefix.dev/brads-forge/
    - url: https://conda.anaconda.org/conda-forge/
    packages:
      linux-64:
      - conda: https://conda.anaconda.org/conda-forge/linux-64/_libgcc_mutex-0.1-conda_forge.tar.bz2
      - conda: https://conda.anaconda.org/conda-forge/linux-64/_openmp_mutex-4.5-2_gnu.tar.bz2
      - conda: https://conda.anaconda.org/conda-forge/linux-64/binutils_impl_linux-64-2.43-h4bf12b8_2.conda
      - conda: https://conda.anaconda.org/conda-forge/linux-64/c-ares-1.34.4-hb9d3cd8_0.conda
      - conda: https://conda.anaconda.org/conda-forge/linux-64/ca-certificates-2024.12.14-hbcca054_0.conda
      - conda: https://conda.anaconda.org/conda-forge/linux-64/clang-21-21.1.1-default_h99862b1_0.conda
      - conda: https://conda.anaconda.org/conda-forge/linux-64/clang-21.1.1-default_h36abe19_0.conda
      - conda: https://prefix.dev/brads-forge/linux-64/cocogitto-6.3.0-h81b34b9_2.conda
      - conda: https://conda.anaconda.org/conda-forge/linux-64/curl-8.14.1-h332b0f4_0.conda
      - conda: https://prefix.dev/brads-forge/linux-64/deno-2.5.1-h81b34b9_2.conda
      - conda: https://prefix.dev/brads-forge/linux-64/dprint-0.50.2-h81b34b9_2.conda
      - conda: https://conda.anaconda.org/conda-forge/linux-64/go-shfmt-3.12.0-hfc2019e_0.conda
      - conda: https://conda.anaconda.org/conda-forge/linux-64/icu-75.1-he02047a_0.conda
      - conda: https://conda.anaconda.org/conda-forge/noarch/kernel-headers_linux-64-3.10.0-he073ed8_18.conda
      - conda: https://conda.anaconda.org/conda-forge/linux-64/keyutils-1.6.1-h166bdaf_0.tar.bz2
      - conda: https://conda.anaconda.org/conda-forge/linux-64/krb5-1.21.3-h659f571_0.conda
      - conda: https://conda.anaconda.org/conda-forge/linux-64/ld_impl_linux-64-2.43-h712a8e2_2.conda
      - conda: https://prefix.dev/brads-forge/linux-64/lefthook-1.13.1-h81b34b9_2.conda
      - conda: https://conda.anaconda.org/conda-forge/linux-64/libclang-cpp21.1-21.1.1-default_h99862b1_0.conda
      - conda: https://conda.anaconda.org/conda-forge/linux-64/libcurl-8.14.1-h332b0f4_0.conda
      - conda: https://conda.anaconda.org/conda-forge/linux-64/libedit-3.1.20191231-he28a2e2_2.tar.bz2
      - conda: https://conda.anaconda.org/conda-forge/linux-64/libev-4.33-hd590300_2.conda
      - conda: https://conda.anaconda.org/conda-forge/linux-64/libgcc-14.2.0-h77fa898_1.conda
      - conda: https://conda.anaconda.org/conda-forge/noarch/libgcc-devel_linux-64-14.2.0-h41c2201_101.conda
      - conda: https://conda.anaconda.org/conda-forge/linux-64/libgcc-ng-14.2.0-h69a702a_1.conda
      - conda: https://conda.anaconda.org/conda-forge/linux-64/libgomp-14.2.0-h77fa898_1.conda
      - conda: https://conda.anaconda.org/conda-forge/linux-64/libiconv-1.18-h3b78370_2.conda
      - conda: https://conda.anaconda.org/conda-forge/linux-64/libllvm21-21.1.1-hf7376ad_0.conda
      - conda: https://conda.anaconda.org/conda-forge/linux-64/liblzma-5.8.1-hb9d3cd8_2.conda
      - conda: https://conda.anaconda.org/conda-forge/linux-64/libnghttp2-1.64.0-h161d5f1_0.conda
      - conda: https://conda.anaconda.org/conda-forge/linux-64/libssh2-1.11.1-hf672d98_0.conda
      - conda: https://conda.anaconda.org/conda-forge/linux-64/libstdcxx-14.2.0-hc0a3c3a_1.conda
      - conda: https://conda.anaconda.org/conda-forge/linux-64/libstdcxx-ng-14.2.0-h4852527_1.conda
      - conda: https://conda.anaconda.org/conda-forge/linux-64/liburcu-0.14.0-hac33072_0.conda
      - conda: https://conda.anaconda.org/conda-forge/linux-64/libxml2-16-2.15.0-ha9997c6_0.conda
      - conda: https://conda.anaconda.org/conda-forge/linux-64/libxml2-2.15.0-h26afc86_0.conda
      - conda: https://conda.anaconda.org/conda-forge/linux-64/libzlib-1.3.1-hb9d3cd8_2.conda
      - conda: https://conda.anaconda.org/conda-forge/linux-64/llvm-tools-21-21.1.1-h3b15d91_0.conda
      - conda: https://conda.anaconda.org/conda-forge/linux-64/llvm-tools-21.1.1-hb700be7_0.conda
      - conda: https://conda.anaconda.org/conda-forge/linux-64/lttng-ust-2.13.9-hf5eda4c_0.conda
      - conda: https://conda.anaconda.org/conda-forge/linux-64/ncurses-6.5-he02047a_1.conda
      - conda: https://conda.anaconda.org/conda-forge/linux-64/openssl-3.5.3-h26f9b46_0.conda
      - conda: https://conda.anaconda.org/conda-forge/linux-64/patchelf-0.17.2-h58526e2_0.conda
      - conda: https://conda.anaconda.org/conda-forge/linux-64/rattler-build-0.47.0-h60886be_0.conda
      - conda: https://conda.anaconda.org/conda-forge/noarch/sysroot_linux-64-2.17-h4a8ded7_18.conda
      - conda: https://conda.anaconda.org/conda-forge/linux-64/tar-1.35-h3b78370_0.conda
      - conda: https://prefix.dev/brads-forge/linux-64/task-3.45.4-h81b34b9_2.conda
      - conda: https://conda.anaconda.org/conda-forge/linux-64/tree-2.2.1-hb9d3cd8_0.conda
      - conda: https://conda.anaconda.org/conda-forge/noarch/tzdata-2024b-hc8b5060_0.conda
      - conda: https://conda.anaconda.org/conda-forge/linux-64/zlib-1.3.1-hb9d3cd8_2.conda
      - conda: https://conda.anaconda.org/conda-forge/linux-64/zstd-1.5.7-hb8e6e7a_2.conda
      osx-64:
      - conda: https://prefix.dev/brads-forge/osx-64/deno-2.5.1-he0f4bc8_2.conda
      - conda: https://conda.anaconda.org/conda-forge/osx-64/rattler-build-0.47.0-h9113d71_0.conda
      - conda: https://prefix.dev/brads-forge/osx-64/task-3.45.4-he0f4bc8_2.conda
      osx-arm64:
      - conda: https://prefix.dev/brads-forge/osx-arm64/deno-2.5.1-he8ea13f_2.conda
      - conda: https://conda.anaconda.org/conda-forge/osx-arm64/rattler-build-0.47.0-h8d80559_0.conda
      - conda: https://prefix.dev/brads-forge/osx-arm64/task-3.45.4-he8ea13f_2.conda
      win-64:
      - conda: https://prefix.dev/brads-forge/win-64/deno-2.5.1-h3c70cbc_2.conda
      - conda: https://conda.anaconda.org/conda-forge/win-64/rattler-build-0.47.0-h18a1a76_0.conda
      - conda: https://prefix.dev/brads-forge/win-64/task-3.45.4-h3c70cbc_2.conda
      - conda: https://conda.anaconda.org/conda-forge/win-64/ucrt-10.0.22621.0-h57928b3_1.conda
      - conda: https://conda.anaconda.org/conda-forge/win-64/vc-14.3-ha32ba9b_23.conda
      - conda: https://conda.anaconda.org/conda-forge/win-64/vc14_runtime-14.44.35208-h818238b_31.conda
      - conda: https://conda.anaconda.org/conda-forge/win-64/vcomp14-14.44.35208-h818238b_31.conda
packages:
- conda: https://conda.anaconda.org/conda-forge/linux-64/_libgcc_mutex-0.1-conda_forge.tar.bz2
  sha256: fe51de6107f9edc7aa4f786a70f4a883943bc9d39b3bb7307c04c41410990726
  md5: d7c89558ba9fa0495403155b64376d81
  license: None
  size: 2562
  timestamp: 1578324546067
- conda: https://conda.anaconda.org/conda-forge/linux-64/_openmp_mutex-4.5-2_gnu.tar.bz2
  build_number: 16
  sha256: fbe2c5e56a653bebb982eda4876a9178aedfc2b545f25d0ce9c4c0b508253d22
  md5: 73aaf86a425cc6e73fcf236a5a46396d
  depends:
  - _libgcc_mutex 0.1 conda_forge
  - libgomp >=7.5.0
  constrains:
  - openmp_impl 9999
  license: BSD-3-Clause
  license_family: BSD
  size: 23621
  timestamp: 1650670423406
- conda: https://conda.anaconda.org/conda-forge/linux-64/binutils_impl_linux-64-2.43-h4bf12b8_2.conda
  sha256: 267e78990247369b13234bda270f31beb56a600b4851a8244e31dd9ad85b3b17
  md5: cf0c5521ac2a20dfa6c662a4009eeef6
  depends:
  - ld_impl_linux-64 2.43 h712a8e2_2
  - sysroot_linux-64
  license: GPL-3.0-only
  license_family: GPL
  size: 5682777
  timestamp: 1729655371045
- conda: https://conda.anaconda.org/conda-forge/linux-64/c-ares-1.34.4-hb9d3cd8_0.conda
  sha256: d4f28d87b6339b94f74762c0076e29c8ef8ddfff51a564a92da2843573c18320
  md5: e2775acf57efd5af15b8e3d1d74d72d3
  depends:
  - __glibc >=2.17,<3.0.a0
  - libgcc >=13
  license: MIT
  license_family: MIT
  size: 206085
  timestamp: 1734208189009
- conda: https://conda.anaconda.org/conda-forge/linux-64/ca-certificates-2024.12.14-hbcca054_0.conda
  sha256: 1afd7274cbc9a334d6d0bc62fa760acc7afdaceb0b91a8df370ec01fd75dc7dd
  md5: 720523eb0d6a9b0f6120c16b2aa4e7de
  license: ISC
  size: 157088
  timestamp: 1734208393264
- conda: https://conda.anaconda.org/conda-forge/linux-64/clang-21.1.1-default_h36abe19_0.conda
  sha256: 0f20c0519d5a97edd9ebcb7c789aade452eef7660b48e0ada5288b6245f095a6
  md5: e92ea854dfda46740f6beac5c24fbeba
  depends:
  - binutils_impl_linux-64
  - clang-21 21.1.1 default_h99862b1_0
  - libgcc-devel_linux-64
  - sysroot_linux-64
  license: Apache-2.0 WITH LLVM-exception
  license_family: Apache
  size: 24326
  timestamp: 1757614759249
- conda: https://conda.anaconda.org/conda-forge/linux-64/clang-21-21.1.1-default_h99862b1_0.conda
  sha256: 2550b25e7dc44084d15cd56d5b2b87a83fde4483f724300e8b47ec9fbfe083f8
  md5: 58f4aa4b9575e819f6df6dde4da47e6b
  depends:
  - __glibc >=2.17,<3.0.a0
  - libclang-cpp21.1 21.1.1 default_h99862b1_0
  - libgcc >=14
  - libllvm21 >=21.1.1,<21.2.0a0
  - libstdcxx >=14
  license: Apache-2.0 WITH LLVM-exception
  license_family: Apache
  size: 825719
  timestamp: 1757614709364
- conda: https://prefix.dev/brads-forge/linux-64/cocogitto-6.3.0-h81b34b9_2.conda
  sha256: dad73ce5d4eaa3873598d5e1c962c65dae77105844a2f0ef099b142e9fbc316d
  license: MIT
  size: 2934991
  timestamp: 1742442455595
- conda: https://conda.anaconda.org/conda-forge/linux-64/curl-8.14.1-h332b0f4_0.conda
  sha256: 43fcf6eb083dea48fa7b3466a2683b0cc3c48b7c1875c3067a5b8c9ff18c591a
  md5: 60279087a10b4ab59a70daa838894e4b
  depends:
  - __glibc >=2.17,<3.0.a0
  - krb5 >=1.21.3,<1.22.0a0
  - libcurl 8.14.1 h332b0f4_0
  - libgcc >=13
  - libssh2 >=1.11.1,<2.0a0
  - libzlib >=1.3.1,<2.0a0
  - openssl >=3.5.0,<4.0a0
  - zstd >=1.5.7,<1.6.0a0
  license: curl
  license_family: MIT
  size: 180334
  timestamp: 1749033158889
- conda: https://prefix.dev/brads-forge/linux-64/deno-2.5.1-h81b34b9_2.conda
  sha256: 6d4e4fa822df3bb4ca8557837e068ee92e9e3532526f677404dd6de8825287cb
  license: MIT
  size: 39478870
  timestamp: 1758167389980
- conda: https://prefix.dev/brads-forge/osx-64/deno-2.5.1-he0f4bc8_2.conda
  sha256: ac2ea9013091357e85873aec5e09e51231d67a87119948e3491bb882a45883e9
  license: MIT
  size: 37672526
  timestamp: 1758167273269
- conda: https://prefix.dev/brads-forge/osx-arm64/deno-2.5.1-he8ea13f_2.conda
  sha256: 95864ebe45ec87d7babdc716f96c1cb01bbf319b8a72f5795c95308e508c286d
  license: MIT
  size: 36493989
  timestamp: 1758167266961
- conda: https://prefix.dev/brads-forge/win-64/deno-2.5.1-h3c70cbc_2.conda
  sha256: 602d65f49ce094083808af8b4bed2e17223b7de27522b4679d4cc5ef7b7a2dd8
  license: MIT
  size: 40272606
  timestamp: 1758167243619
- conda: https://prefix.dev/brads-forge/linux-64/dprint-0.50.2-h81b34b9_2.conda
  sha256: 06497a9067e51a5e9ca80a5d7aba43352955ed3891a461919559e7d4f97f714d
  license: MIT
  size: 7400987
  timestamp: 1757821626110
- conda: https://conda.anaconda.org/conda-forge/linux-64/go-shfmt-3.12.0-hfc2019e_0.conda
  sha256: 544bb221c6e7777ecebe7029dbdbdc80aa78d80706f1c61e59a54ed0e8016f78
  md5: b08ea765bdb39bbcb4120365dbd5fb45
  license: BSD-3-Clause
  license_family: BSD
  size: 1881695
  timestamp: 1751843121118
- conda: https://conda.anaconda.org/conda-forge/linux-64/icu-75.1-he02047a_0.conda
  sha256: 71e750d509f5fa3421087ba88ef9a7b9be11c53174af3aa4d06aff4c18b38e8e
  md5: 8b189310083baabfb622af68fd9d3ae3
  depends:
  - __glibc >=2.17,<3.0.a0
  - libgcc-ng >=12
  - libstdcxx-ng >=12
  license: MIT
  license_family: MIT
  size: 12129203
  timestamp: 1720853576813
- conda: https://conda.anaconda.org/conda-forge/noarch/kernel-headers_linux-64-3.10.0-he073ed8_18.conda
  sha256: a922841ad80bd7b222502e65c07ecb67e4176c4fa5b03678a005f39fcc98be4b
  md5: ad8527bf134a90e1c9ed35fa0b64318c
  constrains:
  - sysroot_linux-64 ==2.17
  license: LGPL-2.0-or-later AND LGPL-2.0-or-later WITH exceptions AND GPL-2.0-or-later AND MPL-2.0
  license_family: GPL
  size: 943486
  timestamp: 1729794504440
- conda: https://conda.anaconda.org/conda-forge/linux-64/keyutils-1.6.1-h166bdaf_0.tar.bz2
  sha256: 150c05a6e538610ca7c43beb3a40d65c90537497a4f6a5f4d15ec0451b6f5ebb
  md5: 30186d27e2c9fa62b45fb1476b7200e3
  depends:
  - libgcc-ng >=10.3.0
  license: LGPL-2.1-or-later
  size: 117831
  timestamp: 1646151697040
- conda: https://conda.anaconda.org/conda-forge/linux-64/krb5-1.21.3-h659f571_0.conda
  sha256: 99df692f7a8a5c27cd14b5fb1374ee55e756631b9c3d659ed3ee60830249b238
  md5: 3f43953b7d3fb3aaa1d0d0723d91e368
  depends:
  - keyutils >=1.6.1,<2.0a0
  - libedit >=3.1.20191231,<3.2.0a0
  - libedit >=3.1.20191231,<4.0a0
  - libgcc-ng >=12
  - libstdcxx-ng >=12
  - openssl >=3.3.1,<4.0a0
  license: MIT
  license_family: MIT
  size: 1370023
  timestamp: 1719463201255
- conda: https://conda.anaconda.org/conda-forge/linux-64/ld_impl_linux-64-2.43-h712a8e2_2.conda
  sha256: 7c91cea91b13f4314d125d1bedb9d03a29ebbd5080ccdea70260363424646dbe
  md5: 048b02e3962f066da18efe3a21b77672
  depends:
  - __glibc >=2.17,<3.0.a0
  constrains:
  - binutils_impl_linux-64 2.43
  license: GPL-3.0-only
  license_family: GPL
  size: 669211
  timestamp: 1729655358674
- conda: https://prefix.dev/brads-forge/linux-64/lefthook-1.13.1-h81b34b9_2.conda
  sha256: f359b62b52b6706b05da50810a832d038fd190908b41189a0c30ae690545dc47
  license: MIT
  size: 5446216
  timestamp: 1758167361802
- conda: https://conda.anaconda.org/conda-forge/linux-64/libclang-cpp21.1-21.1.1-default_h99862b1_0.conda
  sha256: 1eac1c6784bcc05157f338c7ff88be97c30708ff4f419de8f136eee4c0457902
  md5: c959b871355fdabd7763a5b6af6e7a14
  depends:
  - __glibc >=2.17,<3.0.a0
  - libgcc >=14
  - libllvm21 >=21.1.1,<21.2.0a0
  - libstdcxx >=14
  license: Apache-2.0 WITH LLVM-exception
  license_family: Apache
  size: 21102314
  timestamp: 1757614625637
- conda: https://conda.anaconda.org/conda-forge/linux-64/libcurl-8.14.1-h332b0f4_0.conda
  sha256: b6c5cf340a4f80d70d64b3a29a7d9885a5918d16a5cb952022820e6d3e79dc8b
  md5: 45f6713cb00f124af300342512219182
  depends:
  - __glibc >=2.17,<3.0.a0
  - krb5 >=1.21.3,<1.22.0a0
  - libgcc >=13
  - libnghttp2 >=1.64.0,<2.0a0
  - libssh2 >=1.11.1,<2.0a0
  - libzlib >=1.3.1,<2.0a0
  - openssl >=3.5.0,<4.0a0
  - zstd >=1.5.7,<1.6.0a0
  license: curl
  license_family: MIT
  size: 449910
  timestamp: 1749033146806
- conda: https://conda.anaconda.org/conda-forge/linux-64/libedit-3.1.20191231-he28a2e2_2.tar.bz2
  sha256: a57d37c236d8f7c886e01656f4949d9dcca131d2a0728609c6f7fa338b65f1cf
  md5: 4d331e44109e3f0e19b4cb8f9b82f3e1
  depends:
  - libgcc-ng >=7.5.0
  - ncurses >=6.2,<7.0.0a0
  license: BSD-2-Clause
  license_family: BSD
  size: 123878
  timestamp: 1597616541093
- conda: https://conda.anaconda.org/conda-forge/linux-64/libev-4.33-hd590300_2.conda
  sha256: 1cd6048169fa0395af74ed5d8f1716e22c19a81a8a36f934c110ca3ad4dd27b4
  md5: 172bf1cd1ff8629f2b1179945ed45055
  depends:
  - libgcc-ng >=12
  license: BSD-2-Clause
  license_family: BSD
  size: 112766
  timestamp: 1702146165126
- conda: https://conda.anaconda.org/conda-forge/linux-64/libgcc-14.2.0-h77fa898_1.conda
  sha256: 53eb8a79365e58849e7b1a068d31f4f9e718dc938d6f2c03e960345739a03569
  md5: 3cb76c3f10d3bc7f1105b2fc9db984df
  depends:
  - _libgcc_mutex 0.1 conda_forge
  - _openmp_mutex >=4.5
  constrains:
  - libgomp 14.2.0 h77fa898_1
  - libgcc-ng ==14.2.0=*_1
  license: GPL-3.0-only WITH GCC-exception-3.1
  license_family: GPL
  size: 848745
  timestamp: 1729027721139
- conda: https://conda.anaconda.org/conda-forge/noarch/libgcc-devel_linux-64-14.2.0-h41c2201_101.conda
  sha256: 939f73ccab0ef61d02b26e348adcbf0ebd249914073a62e861ca45d125c9335c
  md5: fb126e22f5350c15fec6ddbd062f4871
  depends:
  - __unix
  license: GPL-3.0-only WITH GCC-exception-3.1
  license_family: GPL
  size: 2753144
  timestamp: 1729027627734
- conda: https://conda.anaconda.org/conda-forge/linux-64/libgcc-ng-14.2.0-h69a702a_1.conda
  sha256: 3a76969c80e9af8b6e7a55090088bc41da4cffcde9e2c71b17f44d37b7cb87f7
  md5: e39480b9ca41323497b05492a63bc35b
  depends:
  - libgcc 14.2.0 h77fa898_1
  license: GPL-3.0-only WITH GCC-exception-3.1
  license_family: GPL
  size: 54142
  timestamp: 1729027726517
- conda: https://conda.anaconda.org/conda-forge/linux-64/libgomp-14.2.0-h77fa898_1.conda
  sha256: 1911c29975ec99b6b906904040c855772ccb265a1c79d5d75c8ceec4ed89cd63
  md5: cc3573974587f12dda90d96e3e55a702
  depends:
  - _libgcc_mutex 0.1 conda_forge
  license: GPL-3.0-only WITH GCC-exception-3.1
  license_family: GPL
  size: 460992
  timestamp: 1729027639220
- conda: https://conda.anaconda.org/conda-forge/linux-64/libiconv-1.18-h3b78370_2.conda
  sha256: c467851a7312765447155e071752d7bf9bf44d610a5687e32706f480aad2833f
  md5: 915f5995e94f60e9a4826e0b0920ee88
  depends:
  - __glibc >=2.17,<3.0.a0
  - libgcc >=14
  license: LGPL-2.1-only
  size: 790176
  timestamp: 1754908768807
- conda: https://conda.anaconda.org/conda-forge/linux-64/libllvm21-21.1.1-hf7376ad_0.conda
  sha256: 25f8c2854b2d243bb4aba9ab07c6ffba7dd158f23267d2d058698dd390c91f5b
  md5: 407746cc77515fbc3e97c77038172c07
  depends:
  - __glibc >=2.17,<3.0.a0
  - libgcc >=14
  - libstdcxx >=14
  - libxml2
  - libxml2-16 >=2.14.6
  - libzlib >=1.3.1,<2.0a0
  - zstd >=1.5.7,<1.6.0a0
  license: Apache-2.0 WITH LLVM-exception
  license_family: Apache
  size: 44350387
  timestamp: 1757560745279
- conda: https://conda.anaconda.org/conda-forge/linux-64/liblzma-5.8.1-hb9d3cd8_2.conda
  sha256: f2591c0069447bbe28d4d696b7fcb0c5bd0b4ac582769b89addbcf26fb3430d8
  md5: 1a580f7796c7bf6393fddb8bbbde58dc
  depends:
  - __glibc >=2.17,<3.0.a0
  - libgcc >=13
  constrains:
  - xz 5.8.1.*
  license: 0BSD
  size: 112894
  timestamp: 1749230047870
- conda: https://conda.anaconda.org/conda-forge/linux-64/libnghttp2-1.64.0-h161d5f1_0.conda
  sha256: b0f2b3695b13a989f75d8fd7f4778e1c7aabe3b36db83f0fe80b2cd812c0e975
  md5: 19e57602824042dfd0446292ef90488b
  depends:
  - __glibc >=2.17,<3.0.a0
  - c-ares >=1.32.3,<2.0a0
  - libev >=4.33,<4.34.0a0
  - libev >=4.33,<5.0a0
  - libgcc >=13
  - libstdcxx >=13
  - libzlib >=1.3.1,<2.0a0
  - openssl >=3.3.2,<4.0a0
  license: MIT
  license_family: MIT
  size: 647599
  timestamp: 1729571887612
- conda: https://conda.anaconda.org/conda-forge/linux-64/libssh2-1.11.1-hf672d98_0.conda
  sha256: 0407ac9fda2bb67e11e357066eff144c845801d00b5f664efbc48813af1e7bb9
  md5: be2de152d8073ef1c01b7728475f2fe7
  depends:
  - __glibc >=2.17,<3.0.a0
  - libgcc >=13
  - libzlib >=1.3.1,<2.0a0
  - openssl >=3.4.0,<4.0a0
  license: BSD-3-Clause
  license_family: BSD
  size: 304278
  timestamp: 1732349402869
- conda: https://conda.anaconda.org/conda-forge/linux-64/libstdcxx-14.2.0-hc0a3c3a_1.conda
  sha256: 4661af0eb9bdcbb5fb33e5d0023b001ad4be828fccdcc56500059d56f9869462
  md5: 234a5554c53625688d51062645337328
  depends:
  - libgcc 14.2.0 h77fa898_1
  license: GPL-3.0-only WITH GCC-exception-3.1
  license_family: GPL
  size: 3893695
  timestamp: 1729027746910
- conda: https://conda.anaconda.org/conda-forge/linux-64/libstdcxx-ng-14.2.0-h4852527_1.conda
  sha256: 25bb30b827d4f6d6f0522cc0579e431695503822f144043b93c50237017fffd8
  md5: 8371ac6457591af2cf6159439c1fd051
  depends:
  - libstdcxx 14.2.0 hc0a3c3a_1
  license: GPL-3.0-only WITH GCC-exception-3.1
  license_family: GPL
  size: 54105
  timestamp: 1729027780628
- conda: https://conda.anaconda.org/conda-forge/linux-64/liburcu-0.14.0-hac33072_0.conda
  sha256: 208ead1ed147f588c722ef9dec7656f538111b15fb85c04f645758fa4fa8e3c3
  md5: 0b2b4f99717fe8f82dc21a3b0c504923
  depends:
  - libgcc-ng >=12
  license: LGPL-2.0-or-later
  license_family: LGPL
  size: 176874
  timestamp: 1718888439831
- conda: https://conda.anaconda.org/conda-forge/linux-64/libxml2-2.15.0-h26afc86_0.conda
  sha256: 09b6703783b2ac600794f7eb2bb5d9e8753a2de607735414e3dbd46d95b17a4c
  md5: c52b54db4660b44ca75b6a61c533b9f5
  depends:
  - __glibc >=2.17,<3.0.a0
  - icu >=75.1,<76.0a0
  - libgcc >=14
  - libiconv >=1.18,<2.0a0
  - liblzma >=5.8.1,<6.0a0
  - libxml2-16 2.15.0 ha9997c6_0
  - libzlib >=1.3.1,<2.0a0
  license: MIT
  license_family: MIT
  size: 45279
  timestamp: 1757953270047
- conda: https://conda.anaconda.org/conda-forge/linux-64/libxml2-16-2.15.0-ha9997c6_0.conda
  sha256: fba83a62276fb3d885e689afc7650b255a93d6e001ceacaccef4e36bbcb9d545
  md5: 84bed2bfefc14e4878bd16979782e522
  depends:
  - __glibc >=2.17,<3.0.a0
  - icu >=75.1,<76.0a0
  - libgcc >=14
  - libiconv >=1.18,<2.0a0
  - liblzma >=5.8.1,<6.0a0
  - libzlib >=1.3.1,<2.0a0
  constrains:
  - libxml2 2.15.0
  license: MIT
  license_family: MIT
  size: 559002
  timestamp: 1757953263066
- conda: https://conda.anaconda.org/conda-forge/linux-64/libzlib-1.3.1-hb9d3cd8_2.conda
  sha256: d4bfe88d7cb447768e31650f06257995601f89076080e76df55e3112d4e47dc4
  md5: edb0dca6bc32e4f4789199455a1dbeb8
  depends:
  - __glibc >=2.17,<3.0.a0
  - libgcc >=13
  constrains:
  - zlib 1.3.1 *_2
  license: Zlib
  license_family: Other
  size: 60963
  timestamp: 1727963148474
- conda: https://conda.anaconda.org/conda-forge/linux-64/llvm-tools-21.1.1-hb700be7_0.conda
  sha256: 786a3703f3838a305ae4286c9838951ffa2618ef172ee72777b7ae2d10455f7a
  md5: f65d0f75708a414e5c94031ce09e2188
  depends:
  - __glibc >=2.17,<3.0.a0
  - libgcc >=14
  - libllvm21 21.1.1 hf7376ad_0
  - libstdcxx >=14
  - llvm-tools-21 21.1.1 h3b15d91_0
  constrains:
  - llvmdev     21.1.1
  - llvm        21.1.1
  - clang       21.1.1
  - clang-tools 21.1.1
  license: Apache-2.0 WITH LLVM-exception
  license_family: Apache
  size: 88109
  timestamp: 1757560924634
- conda: https://conda.anaconda.org/conda-forge/linux-64/llvm-tools-21-21.1.1-h3b15d91_0.conda
  sha256: ad48f1436ac87ea9a1901d1e97dc557a843cb8d2f8bbed6590170cf4c929f62a
  md5: 4aaf16985ed40a2746baf4ee347dd3a8
  depends:
  - __glibc >=2.17,<3.0.a0
  - libgcc >=14
  - libllvm21 21.1.1 hf7376ad_0
  - libstdcxx >=14
  - libzlib >=1.3.1,<2.0a0
  - zstd >=1.5.7,<1.6.0a0
  license: Apache-2.0 WITH LLVM-exception
  license_family: Apache
  size: 26177059
  timestamp: 1757560866387
- conda: https://conda.anaconda.org/conda-forge/linux-64/lttng-ust-2.13.9-hf5eda4c_0.conda
  sha256: 77ea6f9546bb8e4d6050b4ad8efb9bfb2177e9173a03b4d9eae6fd8ce1056431
  md5: bf1ee9cd230a64573a8b7745c6aaa593
  depends:
  - liburcu
  - libgcc >=13
  - __glibc >=2.17,<3.0.a0
  - liburcu >=0.14.0,<0.15.0a0
  license: LGPL-2.1-only
  size: 375355
  timestamp: 1745310024643
- conda: https://conda.anaconda.org/conda-forge/linux-64/ncurses-6.5-he02047a_1.conda
  sha256: 6a1d5d8634c1a07913f1c525db6455918cbc589d745fac46d9d6e30340c8731a
  md5: 70caf8bb6cf39a0b6b7efc885f51c0fe
  depends:
  - __glibc >=2.17,<3.0.a0
  - libgcc-ng >=12
  license: X11 AND BSD-3-Clause
  size: 889086
  timestamp: 1724658547447
- conda: https://conda.anaconda.org/conda-forge/linux-64/openssl-3.5.3-h26f9b46_0.conda
  sha256: 8c313f79fd9408f53922441fbb4e38f065e2251840f86862f05bdf613da7980f
  md5: 72b3dd72e4f0b88cdacf3421313480f0
  depends:
  - __glibc >=2.17,<3.0.a0
  - ca-certificates
  - libgcc >=14
  license: Apache-2.0
  license_family: Apache
  size: 3136554
  timestamp: 1758040407921
- conda: https://conda.anaconda.org/conda-forge/linux-64/patchelf-0.17.2-h58526e2_0.conda
  sha256: eb355ac225be2f698e19dba4dcab7cb0748225677a9799e9cc8e4cadc3cb738f
  md5: ba76a6a448819560b5f8b08a9c74f415
  depends:
  - libgcc-ng >=7.5.0
  - libstdcxx-ng >=7.5.0
  license: GPL-3.0-or-later
  license_family: GPL
  size: 94048
  timestamp: 1673473024463
- conda: https://conda.anaconda.org/conda-forge/linux-64/rattler-build-0.47.0-h60886be_0.conda
  sha256: aa71bcaf81c71da4a9137777249970c426a37afd46b7960b3e8c397f553a7f40
  md5: 98366f1ada223a785f0dc24ed211a99c
  depends:
  - patchelf
  - libgcc >=14
  - __glibc >=2.17,<3.0.a0
  - openssl >=3.5.2,<4.0a0
  constrains:
  - __glibc >=2.17
  license: BSD-3-Clause
  license_family: BSD
  size: 16827195
  timestamp: 1756921257075
- conda: https://conda.anaconda.org/conda-forge/osx-64/rattler-build-0.47.0-h9113d71_0.conda
  sha256: 03d8c45aec0e1d8e4485a54e7e61e464ecc4752c1ec6e8fdd5458c226988eba8
  md5: b2f5ad0a287f0712c23abb0f45fbce6d
  depends:
  - __osx >=10.13
  constrains:
  - __osx >=10.13
  license: BSD-3-Clause
  license_family: BSD
  size: 15200171
  timestamp: 1756921285627
- conda: https://conda.anaconda.org/conda-forge/osx-arm64/rattler-build-0.47.0-h8d80559_0.conda
  sha256: d747d7d36bd38d37f6e80cb78358c373fb5776147e21f9da4121e736f9212796
  md5: dd3bf0dde45e18b8644b97a401f08ba2
  depends:
  - __osx >=11.0
  constrains:
  - __osx >=11.0
  license: BSD-3-Clause
  license_family: BSD
  size: 14273395
  timestamp: 1756921328894
- conda: https://conda.anaconda.org/conda-forge/win-64/rattler-build-0.47.0-h18a1a76_0.conda
  sha256: 30e17e3741a7d98b937198cf2f4e6eedbadac9ecb0725334c63e2960cd5a5bc3
  md5: c8e0123a1fdee1980eff4ea01fbaac88
  depends:
  - vc >=14.3,<15
  - vc14_runtime >=14.44.35208
  - ucrt >=10.0.20348.0
  - vc >=14.3,<15
  - vc14_runtime >=14.44.35208
  - ucrt >=10.0.20348.0
  license: BSD-3-Clause
  license_family: BSD
  size: 17784676
  timestamp: 1756921275818
- conda: https://conda.anaconda.org/conda-forge/noarch/sysroot_linux-64-2.17-h4a8ded7_18.conda
  sha256: 23c7ab371c1b74d01a187e05aa7240e3f5654599e364a9adff7f0b02e26f471f
  md5: 0ea96f90a10838f58412aa84fdd9df09
  depends:
  - kernel-headers_linux-64 3.10.0 he073ed8_18
  - tzdata
  license: LGPL-2.0-or-later AND LGPL-2.0-or-later WITH exceptions AND GPL-2.0-or-later AND MPL-2.0
  license_family: GPL
  size: 15500960
  timestamp: 1729794510631
- conda: https://conda.anaconda.org/conda-forge/linux-64/tar-1.35-h3b78370_0.conda
  sha256: eab162cadb948c91c14f18b6f30a7c270d682e820c4f2fdb0030c9fc99b3fa49
  md5: 8e037804a92c84cb901bdd83a8e5ff46
  depends:
  - __glibc >=2.17,<3.0.a0
  - libgcc >=14
  - libiconv >=1.18,<2.0a0
  license: GPL-3.0-or-later
  license_family: GPL
  size: 778622
  timestamp: 1753467956747
- conda: https://prefix.dev/brads-forge/linux-64/task-3.45.4-h81b34b9_2.conda
  sha256: 4b413ff5c546b62d5540ee2a58ce5e7f36a5c098537be86c1644b0b184aa823a
  license: MIT
  size: 6636067
  timestamp: 1758167333773
- conda: https://prefix.dev/brads-forge/osx-64/task-3.45.4-he0f4bc8_2.conda
  sha256: d198ee4eb47ac36df71b73cd8963e9b603ce6bbf434e4376a754bcea3f0264cc
  license: MIT
  size: 6804816
  timestamp: 1758167257241
- conda: https://prefix.dev/brads-forge/osx-arm64/task-3.45.4-he8ea13f_2.conda
  sha256: 5776b3c06dd7b7dc98a8589346aa47a1d36915374428e9d4af071e4f85be3e5b
  license: MIT
  size: 6310922
  timestamp: 1758167249218
- conda: https://prefix.dev/brads-forge/win-64/task-3.45.4-h3c70cbc_2.conda
  sha256: c0dd4107038392ffa6b16a099aba95a8c84c13c568db92ad7ddf3ebdb845031b
  license: MIT
  size: 6836965
  timestamp: 1758167326168
- conda: https://conda.anaconda.org/conda-forge/linux-64/tree-2.2.1-hb9d3cd8_0.conda
  sha256: 737f906d21a3ac03d317a0aaa86f91afd0b87f077f83bcfcc7f3b5466f523690
  md5: dab87bfc7ce750a1c2d8a68dc2dad2e8
  depends:
  - __glibc >=2.17,<3.0.a0
  - libgcc >=13
  license: GPL-2.0-only
  license_family: GPL
  size: 52264
  timestamp: 1733474145469
- conda: https://conda.anaconda.org/conda-forge/noarch/tzdata-2024b-hc8b5060_0.conda
  sha256: 4fde5c3008bf5d2db82f2b50204464314cc3c91c1d953652f7bd01d9e52aefdf
  md5: 8ac3367aafb1cc0a068483c580af8015
  license: LicenseRef-Public-Domain
  size: 122354
  timestamp: 1728047496079
- conda: https://conda.anaconda.org/conda-forge/win-64/ucrt-10.0.22621.0-h57928b3_1.conda
  sha256: db8dead3dd30fb1a032737554ce91e2819b43496a0db09927edf01c32b577450
  md5: 6797b005cd0f439c4c5c9ac565783700
  constrains:
  - vs2015_runtime >=14.29.30037
  license: LicenseRef-MicrosoftWindowsSDK10
  size: 559710
  timestamp: 1728377334097
- conda: https://conda.anaconda.org/conda-forge/win-64/vc-14.3-ha32ba9b_23.conda
  sha256: 986ddaf8feec2904eac9535a7ddb7acda1a1dfb9482088fdb8129f1595181663
  md5: 7c10ec3158d1eb4ddff7007c9101adb0
  depends:
  - vc14_runtime >=14.38.33135
  track_features:
  - vc14
  license: BSD-3-Clause
  license_family: BSD
  size: 17479
  timestamp: 1731710827215
- conda: https://conda.anaconda.org/conda-forge/win-64/vc14_runtime-14.44.35208-h818238b_31.conda
  sha256: af4b4b354b87a9a8d05b8064ff1ea0b47083274f7c30b4eb96bc2312c9b5f08f
  md5: 603e41da40a765fd47995faa021da946
  depends:
  - ucrt >=10.0.20348.0
  - vcomp14 14.44.35208 h818238b_31
  constrains:
  - vs2015_runtime 14.44.35208.* *_31
  license: LicenseRef-MicrosoftVisualCpp2015-2022Runtime
  license_family: Proprietary
  size: 682424
  timestamp: 1753739239305
- conda: https://conda.anaconda.org/conda-forge/win-64/vcomp14-14.44.35208-h818238b_31.conda
  sha256: 67b317b64f47635415776718d25170a9a6f9a1218c0f5a6202bfd687e07b6ea4
  md5: a6b1d5c1fc3cb89f88f7179ee6a9afe3
  depends:
  - ucrt >=10.0.20348.0
  constrains:
  - vs2015_runtime 14.44.35208.* *_31
  license: LicenseRef-MicrosoftVisualCpp2015-2022Runtime
  license_family: Proprietary
  size: 113963
  timestamp: 1753739198723
- conda: https://conda.anaconda.org/conda-forge/linux-64/zlib-1.3.1-hb9d3cd8_2.conda
  sha256: 5d7c0e5f0005f74112a34a7425179f4eb6e73c92f5d109e6af4ddeca407c92ab
  md5: c9f075ab2f33b3bbee9e62d4ad0a6cd8
  depends:
  - __glibc >=2.17,<3.0.a0
  - libgcc >=13
  - libzlib 1.3.1 hb9d3cd8_2
  license: Zlib
  license_family: Other
  size: 92286
  timestamp: 1727963153079
- conda: https://conda.anaconda.org/conda-forge/linux-64/zstd-1.5.7-hb8e6e7a_2.conda
  sha256: a4166e3d8ff4e35932510aaff7aa90772f84b4d07e9f6f83c614cba7ceefe0eb
  md5: 6432cb5d4ac0046c3ac0a8a0f95842f9
  depends:
  - __glibc >=2.17,<3.0.a0
  - libgcc >=13
  - libstdcxx >=13
  - libzlib >=1.3.1,<2.0a0
  license: BSD-3-Clause
  license_family: BSD
  size: 567578
  timestamp: 1742433379869
