version: 6
environments:
  default:
    channels:
    - url: https://prefix.dev/brads-forge/
    - url: https://conda.anaconda.org/conda-forge/
    packages:
      linux-64:
      - conda: https://conda.anaconda.org/conda-forge/linux-64/_libgcc_mutex-0.1-conda_forge.tar.bz2
      - conda: https://conda.anaconda.org/conda-forge/linux-64/_openmp_mutex-4.5-2_gnu.tar.bz2
      - conda: https://conda.anaconda.org/conda-forge/linux-64/binutils_impl_linux-64-2.43-h4bf12b8_2.conda
      - conda: https://conda.anaconda.org/conda-forge/linux-64/c-ares-1.34.4-hb9d3cd8_0.conda
      - conda: https://conda.anaconda.org/conda-forge/linux-64/ca-certificates-2024.12.14-hbcca054_0.conda
      - conda: https://conda.anaconda.org/conda-forge/linux-64/clang-19-19.1.5-default_hb5137d0_0.conda
      - conda: https://conda.anaconda.org/conda-forge/linux-64/clang-19.1.5-default_h9e3a008_0.conda
      - conda: https://prefix.dev/brads-forge/linux-64/cocogitto-6.2.0-h81b34b9_2.conda
      - conda: https://conda.anaconda.org/conda-forge/linux-64/curl-8.11.1-h332b0f4_0.conda
      - conda: https://prefix.dev/brads-forge/linux-64/deno-2.1.4-h81b34b9_2.conda
      - conda: https://prefix.dev/brads-forge/linux-64/dprint-0.47.6-h81b34b9_2.conda
      - conda: https://conda.anaconda.org/conda-forge/linux-64/go-shfmt-3.10.0-h85d4a8e_0.conda
      - conda: https://conda.anaconda.org/conda-forge/linux-64/icu-75.1-he02047a_0.conda
      - conda: https://conda.anaconda.org/conda-forge/noarch/kernel-headers_linux-64-3.10.0-he073ed8_18.conda
      - conda: https://conda.anaconda.org/conda-forge/linux-64/keyutils-1.6.1-h166bdaf_0.tar.bz2
      - conda: https://conda.anaconda.org/conda-forge/linux-64/krb5-1.21.3-h659f571_0.conda
      - conda: https://conda.anaconda.org/conda-forge/linux-64/ld_impl_linux-64-2.43-h712a8e2_2.conda
      - conda: https://prefix.dev/brads-forge/linux-64/lefthook-1.9.2-h81b34b9_2.conda
      - conda: https://conda.anaconda.org/conda-forge/linux-64/libclang-cpp19.1-19.1.5-default_hb5137d0_0.conda
      - conda: https://conda.anaconda.org/conda-forge/linux-64/libcurl-8.11.1-h332b0f4_0.conda
      - conda: https://conda.anaconda.org/conda-forge/linux-64/libedit-3.1.20191231-he28a2e2_2.tar.bz2
      - conda: https://conda.anaconda.org/conda-forge/linux-64/libev-4.33-hd590300_2.conda
      - conda: https://conda.anaconda.org/conda-forge/linux-64/libgcc-14.2.0-h77fa898_1.conda
      - conda: https://conda.anaconda.org/conda-forge/noarch/libgcc-devel_linux-64-14.2.0-h41c2201_101.conda
      - conda: https://conda.anaconda.org/conda-forge/linux-64/libgcc-ng-14.2.0-h69a702a_1.conda
      - conda: https://conda.anaconda.org/conda-forge/linux-64/libgomp-14.2.0-h77fa898_1.conda
      - conda: https://conda.anaconda.org/conda-forge/linux-64/libiconv-1.17-hd590300_2.conda
      - conda: https://conda.anaconda.org/conda-forge/linux-64/libllvm19-19.1.5-ha7bfdaf_0.conda
      - conda: https://conda.anaconda.org/conda-forge/linux-64/liblzma-5.6.3-hb9d3cd8_1.conda
      - conda: https://conda.anaconda.org/conda-forge/linux-64/libnghttp2-1.64.0-h161d5f1_0.conda
      - conda: https://conda.anaconda.org/conda-forge/linux-64/libssh2-1.11.1-hf672d98_0.conda
      - conda: https://conda.anaconda.org/conda-forge/linux-64/libstdcxx-14.2.0-hc0a3c3a_1.conda
      - conda: https://conda.anaconda.org/conda-forge/linux-64/libstdcxx-ng-14.2.0-h4852527_1.conda
      - conda: https://conda.anaconda.org/conda-forge/linux-64/liburcu-0.14.0-hac33072_0.conda
      - conda: https://conda.anaconda.org/conda-forge/linux-64/libxml2-2.13.5-h8d12d68_1.conda
      - conda: https://conda.anaconda.org/conda-forge/linux-64/libzlib-1.3.1-hb9d3cd8_2.conda
      - conda: https://conda.anaconda.org/conda-forge/linux-64/llvm-tools-19-19.1.5-h48f18f5_0.conda
      - conda: https://conda.anaconda.org/conda-forge/linux-64/llvm-tools-19.1.5-h84d6215_0.conda
      - conda: https://conda.anaconda.org/conda-forge/linux-64/lttng-ust-2.13.8-h4ab18f5_0.conda
      - conda: https://conda.anaconda.org/conda-forge/linux-64/ncurses-6.5-he02047a_1.conda
      - conda: https://conda.anaconda.org/conda-forge/linux-64/openssl-3.4.0-hb9d3cd8_0.conda
      - conda: https://conda.anaconda.org/conda-forge/linux-64/patchelf-0.17.2-h58526e2_0.conda
      - conda: https://conda.anaconda.org/conda-forge/linux-64/rattler-build-0.32.1-h51b9b6e_0.conda
      - conda: https://conda.anaconda.org/conda-forge/noarch/sysroot_linux-64-2.17-h4a8ded7_18.conda
      - conda: https://conda.anaconda.org/conda-forge/linux-64/tar-1.34-hb2e2bae_1.tar.bz2
      - conda: https://prefix.dev/brads-forge/linux-64/task-3.40.1-h81b34b9_2.conda
      - conda: https://conda.anaconda.org/conda-forge/linux-64/tree-2.2.1-hb9d3cd8_0.conda
      - conda: https://conda.anaconda.org/conda-forge/noarch/tzdata-2024b-hc8b5060_0.conda
      - conda: https://conda.anaconda.org/conda-forge/linux-64/zlib-1.3.1-hb9d3cd8_2.conda
      - conda: https://conda.anaconda.org/conda-forge/linux-64/zstd-1.5.6-ha6fb4c9_0.conda
      osx-64:
      - conda: https://prefix.dev/brads-forge/osx-64/deno-2.1.4-he0f4bc8_2.conda
      - conda: https://conda.anaconda.org/conda-forge/osx-64/rattler-build-0.32.1-h0f13631_0.conda
      - conda: https://prefix.dev/brads-forge/osx-64/task-3.40.1-he0f4bc8_2.conda
      osx-arm64:
      - conda: https://prefix.dev/brads-forge/osx-arm64/deno-2.1.4-he8ea13f_2.conda
      - conda: https://conda.anaconda.org/conda-forge/osx-arm64/rattler-build-0.32.1-hcbb27f7_0.conda
      - conda: https://prefix.dev/brads-forge/osx-arm64/task-3.40.1-he8ea13f_2.conda
      win-64:
      - conda: https://prefix.dev/brads-forge/win-64/deno-2.1.4-h3c70cbc_2.conda
      - conda: https://conda.anaconda.org/conda-forge/win-64/rattler-build-0.32.1-h49672d7_0.conda
      - conda: https://prefix.dev/brads-forge/win-64/task-3.40.1-h3c70cbc_2.conda
      - conda: https://conda.anaconda.org/conda-forge/win-64/ucrt-10.0.22621.0-h57928b3_1.conda
      - conda: https://conda.anaconda.org/conda-forge/win-64/vc-14.3-ha32ba9b_23.conda
      - conda: https://conda.anaconda.org/conda-forge/win-64/vc14_runtime-14.42.34433-he29a5d6_23.conda
packages:
- conda: https://conda.anaconda.org/conda-forge/linux-64/_libgcc_mutex-0.1-conda_forge.tar.bz2
  sha256: fe51de6107f9edc7aa4f786a70f4a883943bc9d39b3bb7307c04c41410990726
  md5: d7c89558ba9fa0495403155b64376d81
  license: None
  size: 2562
  timestamp: 1578324546067
- conda: https://conda.anaconda.org/conda-forge/linux-64/_openmp_mutex-4.5-2_gnu.tar.bz2
  build_number: 16
  sha256: fbe2c5e56a653bebb982eda4876a9178aedfc2b545f25d0ce9c4c0b508253d22
  md5: 73aaf86a425cc6e73fcf236a5a46396d
  depends:
  - _libgcc_mutex 0.1 conda_forge
  - libgomp >=7.5.0
  constrains:
  - openmp_impl 9999
  license: BSD-3-Clause
  license_family: BSD
  size: 23621
  timestamp: 1650670423406
- conda: https://conda.anaconda.org/conda-forge/linux-64/binutils_impl_linux-64-2.43-h4bf12b8_2.conda
  sha256: 267e78990247369b13234bda270f31beb56a600b4851a8244e31dd9ad85b3b17
  md5: cf0c5521ac2a20dfa6c662a4009eeef6
  depends:
  - ld_impl_linux-64 2.43 h712a8e2_2
  - sysroot_linux-64
  license: GPL-3.0-only
  license_family: GPL
  size: 5682777
  timestamp: 1729655371045
- conda: https://conda.anaconda.org/conda-forge/linux-64/c-ares-1.34.4-hb9d3cd8_0.conda
  sha256: d4f28d87b6339b94f74762c0076e29c8ef8ddfff51a564a92da2843573c18320
  md5: e2775acf57efd5af15b8e3d1d74d72d3
  depends:
  - __glibc >=2.17,<3.0.a0
  - libgcc >=13
  license: MIT
  license_family: MIT
  size: 206085
  timestamp: 1734208189009
- conda: https://conda.anaconda.org/conda-forge/linux-64/ca-certificates-2024.12.14-hbcca054_0.conda
  sha256: 1afd7274cbc9a334d6d0bc62fa760acc7afdaceb0b91a8df370ec01fd75dc7dd
  md5: 720523eb0d6a9b0f6120c16b2aa4e7de
  license: ISC
  size: 157088
  timestamp: 1734208393264
- conda: https://conda.anaconda.org/conda-forge/linux-64/clang-19.1.5-default_h9e3a008_0.conda
  sha256: 04fdea57b3c1a44d52509f3134ed3bd19500937ddfc0daefd32d805fe4a5263a
  md5: e0f88252038f991d8c1771adf77020fb
  depends:
  - binutils_impl_linux-64
  - clang-19 19.1.5 default_hb5137d0_0
  - libgcc-devel_linux-64
  - sysroot_linux-64
  license: Apache-2.0 WITH LLVM-exception
  license_family: Apache
  size: 23437
  timestamp: 1733340399485
- conda: https://conda.anaconda.org/conda-forge/linux-64/clang-19-19.1.5-default_hb5137d0_0.conda
  sha256: aa98492cf77f1e7e8086fdf8bfeda48c63bbdf117f2d267bdaef4da47617b400
  md5: e1a371a2b8eba652a7c8811a15ea948b
  depends:
  - __glibc >=2.17,<3.0.a0
  - libclang-cpp19.1 19.1.5 default_hb5137d0_0
  - libgcc >=13
  - libllvm19 >=19.1.5,<19.2.0a0
  - libstdcxx >=13
  license: Apache-2.0 WITH LLVM-exception
  license_family: Apache
  size: 778426
  timestamp: 1733340344163
- conda: https://prefix.dev/brads-forge/linux-64/cocogitto-6.2.0-h81b34b9_2.conda
  sha256: b0b117d0951f1c28cad2329a62a08cce5128e8e0eb4362fa3db8da4710a62ed1
  license: MIT
  size: 2860349
  timestamp: 1734165589549
- conda: https://conda.anaconda.org/conda-forge/linux-64/curl-8.11.1-h332b0f4_0.conda
  sha256: 0da389e44ca04eaf771a2e27a8947dd579d1731b7a8547ad109cfb9e721bd4f2
  md5: 9c98125f90f27bb93bec0cfc9df9a745
  depends:
  - __glibc >=2.17,<3.0.a0
  - krb5 >=1.21.3,<1.22.0a0
  - libcurl 8.11.1 h332b0f4_0
  - libgcc >=13
  - libssh2 >=1.11.1,<2.0a0
  - libzlib >=1.3.1,<2.0a0
  - openssl >=3.4.0,<4.0a0
  - zstd >=1.5.6,<1.6.0a0
  license: curl
  license_family: MIT
  size: 174652
  timestamp: 1733999910764
- conda: https://prefix.dev/brads-forge/linux-64/deno-2.1.4-h81b34b9_2.conda
  sha256: 2bfd85885d47e8ce2ccbfc8731a904043a1a2596e5f5338d2236e5832d9a5f84
  license: MIT
  size: 43565849
  timestamp: 1734175121515
- conda: https://prefix.dev/brads-forge/osx-64/deno-2.1.4-he0f4bc8_2.conda
  sha256: fcd13e47a02a59f65c97218331c88fa86ad6bfa97e340eb1b940c8cc10c15d0f
  license: MIT
  size: 38798915
  timestamp: 1734175116393
- conda: https://prefix.dev/brads-forge/osx-arm64/deno-2.1.4-he8ea13f_2.conda
  sha256: bdada601bbff9e215bbac975d827c437fa3151b9e5d5ae39a98f3c6440b9fbb6
  license: MIT
  size: 38301920
  timestamp: 1734175126771
- conda: https://prefix.dev/brads-forge/win-64/deno-2.1.4-h3c70cbc_2.conda
  sha256: ba824cb1b8704b425c91308430463dc8384746f12de51c8bf61fb144f9a266df
  license: MIT
  size: 38765990
  timestamp: 1734175122085
- conda: https://prefix.dev/brads-forge/linux-64/dprint-0.47.6-h81b34b9_2.conda
  sha256: 6fc3ae2a98bb906a8266bcb50d55961b94ea7882e8ae6b83ea80e83117d22029
  license: MIT
  size: 7470073
  timestamp: 1734165519653
- conda: https://conda.anaconda.org/conda-forge/linux-64/go-shfmt-3.10.0-h85d4a8e_0.conda
  sha256: 500fe5ddb2834f474b5d25d3bcf07eb88cdb6e511d43f2685a02d10758b0b0ca
  md5: c088b58a804d0acadfa8128872c6241c
  license: BSD-3-Clause
  license_family: BSD
  size: 2386651
  timestamp: 1729589038376
- conda: https://conda.anaconda.org/conda-forge/linux-64/icu-75.1-he02047a_0.conda
  sha256: 71e750d509f5fa3421087ba88ef9a7b9be11c53174af3aa4d06aff4c18b38e8e
  md5: 8b189310083baabfb622af68fd9d3ae3
  depends:
  - __glibc >=2.17,<3.0.a0
  - libgcc-ng >=12
  - libstdcxx-ng >=12
  license: MIT
  license_family: MIT
  size: 12129203
  timestamp: 1720853576813
- conda: https://conda.anaconda.org/conda-forge/noarch/kernel-headers_linux-64-3.10.0-he073ed8_18.conda
  sha256: a922841ad80bd7b222502e65c07ecb67e4176c4fa5b03678a005f39fcc98be4b
  md5: ad8527bf134a90e1c9ed35fa0b64318c
  constrains:
  - sysroot_linux-64 ==2.17
  license: LGPL-2.0-or-later AND LGPL-2.0-or-later WITH exceptions AND GPL-2.0-or-later AND MPL-2.0
  license_family: GPL
  size: 943486
  timestamp: 1729794504440
- conda: https://conda.anaconda.org/conda-forge/linux-64/keyutils-1.6.1-h166bdaf_0.tar.bz2
  sha256: 150c05a6e538610ca7c43beb3a40d65c90537497a4f6a5f4d15ec0451b6f5ebb
  md5: 30186d27e2c9fa62b45fb1476b7200e3
  depends:
  - libgcc-ng >=10.3.0
  license: LGPL-2.1-or-later
  size: 117831
  timestamp: 1646151697040
- conda: https://conda.anaconda.org/conda-forge/linux-64/krb5-1.21.3-h659f571_0.conda
  sha256: 99df692f7a8a5c27cd14b5fb1374ee55e756631b9c3d659ed3ee60830249b238
  md5: 3f43953b7d3fb3aaa1d0d0723d91e368
  depends:
  - keyutils >=1.6.1,<2.0a0
  - libedit >=3.1.20191231,<3.2.0a0
  - libedit >=3.1.20191231,<4.0a0
  - libgcc-ng >=12
  - libstdcxx-ng >=12
  - openssl >=3.3.1,<4.0a0
  license: MIT
  license_family: MIT
  size: 1370023
  timestamp: 1719463201255
- conda: https://conda.anaconda.org/conda-forge/linux-64/ld_impl_linux-64-2.43-h712a8e2_2.conda
  sha256: 7c91cea91b13f4314d125d1bedb9d03a29ebbd5080ccdea70260363424646dbe
  md5: 048b02e3962f066da18efe3a21b77672
  depends:
  - __glibc >=2.17,<3.0.a0
  constrains:
  - binutils_impl_linux-64 2.43
  license: GPL-3.0-only
  license_family: GPL
  size: 669211
  timestamp: 1729655358674
- conda: https://prefix.dev/brads-forge/linux-64/lefthook-1.9.2-h81b34b9_2.conda
  sha256: 2922b95c6436809d4a2733431fc409c7a8dae8e4a501f59fa7ea0efafb10b367
  license: MIT
  size: 3975740
  timestamp: 1734165506648
- conda: https://conda.anaconda.org/conda-forge/linux-64/libclang-cpp19.1-19.1.5-default_hb5137d0_0.conda
  sha256: c94da77b08e3eda250dd962f1b9162dd109b95e9b792215640794a7c636cad2c
  md5: ec8649c89988d8a443c252c20f259b72
  depends:
  - __glibc >=2.17,<3.0.a0
  - libgcc >=13
  - libllvm19 >=19.1.5,<19.2.0a0
  - libstdcxx >=13
  license: Apache-2.0 WITH LLVM-exception
  license_family: Apache
  size: 20530628
  timestamp: 1733340210612
- conda: https://conda.anaconda.org/conda-forge/linux-64/libcurl-8.11.1-h332b0f4_0.conda
  sha256: 3cd4075b2a7b5562e46c8ec626f6f9ca57aeecaa94ff7df57eca26daa94c9906
  md5: 2b3e0081006dc21e8bf53a91c83a055c
  depends:
  - __glibc >=2.17,<3.0.a0
  - krb5 >=1.21.3,<1.22.0a0
  - libgcc >=13
  - libnghttp2 >=1.64.0,<2.0a0
  - libssh2 >=1.11.1,<2.0a0
  - libzlib >=1.3.1,<2.0a0
  - openssl >=3.4.0,<4.0a0
  - zstd >=1.5.6,<1.6.0a0
  license: curl
  license_family: MIT
  size: 423011
  timestamp: 1733999897624
- conda: https://conda.anaconda.org/conda-forge/linux-64/libedit-3.1.20191231-he28a2e2_2.tar.bz2
  sha256: a57d37c236d8f7c886e01656f4949d9dcca131d2a0728609c6f7fa338b65f1cf
  md5: 4d331e44109e3f0e19b4cb8f9b82f3e1
  depends:
  - libgcc-ng >=7.5.0
  - ncurses >=6.2,<7.0.0a0
  license: BSD-2-Clause
  license_family: BSD
  size: 123878
  timestamp: 1597616541093
- conda: https://conda.anaconda.org/conda-forge/linux-64/libev-4.33-hd590300_2.conda
  sha256: 1cd6048169fa0395af74ed5d8f1716e22c19a81a8a36f934c110ca3ad4dd27b4
  md5: 172bf1cd1ff8629f2b1179945ed45055
  depends:
  - libgcc-ng >=12
  license: BSD-2-Clause
  license_family: BSD
  size: 112766
  timestamp: 1702146165126
- conda: https://conda.anaconda.org/conda-forge/linux-64/libgcc-14.2.0-h77fa898_1.conda
  sha256: 53eb8a79365e58849e7b1a068d31f4f9e718dc938d6f2c03e960345739a03569
  md5: 3cb76c3f10d3bc7f1105b2fc9db984df
  depends:
  - _libgcc_mutex 0.1 conda_forge
  - _openmp_mutex >=4.5
  constrains:
  - libgomp 14.2.0 h77fa898_1
  - libgcc-ng ==14.2.0=*_1
  license: GPL-3.0-only WITH GCC-exception-3.1
  license_family: GPL
  size: 848745
  timestamp: 1729027721139
- conda: https://conda.anaconda.org/conda-forge/noarch/libgcc-devel_linux-64-14.2.0-h41c2201_101.conda
  sha256: 939f73ccab0ef61d02b26e348adcbf0ebd249914073a62e861ca45d125c9335c
  md5: fb126e22f5350c15fec6ddbd062f4871
  depends:
  - __unix
  license: GPL-3.0-only WITH GCC-exception-3.1
  license_family: GPL
  size: 2753144
  timestamp: 1729027627734
- conda: https://conda.anaconda.org/conda-forge/linux-64/libgcc-ng-14.2.0-h69a702a_1.conda
  sha256: 3a76969c80e9af8b6e7a55090088bc41da4cffcde9e2c71b17f44d37b7cb87f7
  md5: e39480b9ca41323497b05492a63bc35b
  depends:
  - libgcc 14.2.0 h77fa898_1
  license: GPL-3.0-only WITH GCC-exception-3.1
  license_family: GPL
  size: 54142
  timestamp: 1729027726517
- conda: https://conda.anaconda.org/conda-forge/linux-64/libgomp-14.2.0-h77fa898_1.conda
  sha256: 1911c29975ec99b6b906904040c855772ccb265a1c79d5d75c8ceec4ed89cd63
  md5: cc3573974587f12dda90d96e3e55a702
  depends:
  - _libgcc_mutex 0.1 conda_forge
  license: GPL-3.0-only WITH GCC-exception-3.1
  license_family: GPL
  size: 460992
  timestamp: 1729027639220
- conda: https://conda.anaconda.org/conda-forge/linux-64/libiconv-1.17-hd590300_2.conda
  sha256: 8ac2f6a9f186e76539439e50505d98581472fedb347a20e7d1f36429849f05c9
  md5: d66573916ffcf376178462f1b61c941e
  depends:
  - libgcc-ng >=12
  license: LGPL-2.1-only
  size: 705775
  timestamp: 1702682170569
- conda: https://conda.anaconda.org/conda-forge/linux-64/libllvm19-19.1.5-ha7bfdaf_0.conda
  sha256: 0ed9372dd2bbf9bc7761c9f25c4f4352850b5d70519e4fe7c636b32828ffc3e3
  md5: 76f3749eda7b24816aacd55b9f31447a
  depends:
  - __glibc >=2.17,<3.0.a0
  - libgcc >=13
  - libstdcxx >=13
  - libxml2 >=2.13.5,<3.0a0
  - libzlib >=1.3.1,<2.0a0
  - zstd >=1.5.6,<1.6.0a0
  license: Apache-2.0 WITH LLVM-exception
  license_family: Apache
  size: 40120621
  timestamp: 1733310684652
- conda: https://conda.anaconda.org/conda-forge/linux-64/liblzma-5.6.3-hb9d3cd8_1.conda
  sha256: e6e425252f3839e2756e4af1ea2074dffd3396c161bf460629f9dfd6a65f15c6
  md5: 2ecf2f1c7e4e21fcfe6423a51a992d84
  depends:
  - __glibc >=2.17,<3.0.a0
  - libgcc >=13
  license: 0BSD
  size: 111132
  timestamp: 1733407410083
- conda: https://conda.anaconda.org/conda-forge/linux-64/libnghttp2-1.64.0-h161d5f1_0.conda
  sha256: b0f2b3695b13a989f75d8fd7f4778e1c7aabe3b36db83f0fe80b2cd812c0e975
  md5: 19e57602824042dfd0446292ef90488b
  depends:
  - __glibc >=2.17,<3.0.a0
  - c-ares >=1.32.3,<2.0a0
  - libev >=4.33,<4.34.0a0
  - libev >=4.33,<5.0a0
  - libgcc >=13
  - libstdcxx >=13
  - libzlib >=1.3.1,<2.0a0
  - openssl >=3.3.2,<4.0a0
  license: MIT
  license_family: MIT
  size: 647599
  timestamp: 1729571887612
- conda: https://conda.anaconda.org/conda-forge/linux-64/libssh2-1.11.1-hf672d98_0.conda
  sha256: 0407ac9fda2bb67e11e357066eff144c845801d00b5f664efbc48813af1e7bb9
  md5: be2de152d8073ef1c01b7728475f2fe7
  depends:
  - __glibc >=2.17,<3.0.a0
  - libgcc >=13
  - libzlib >=1.3.1,<2.0a0
  - openssl >=3.4.0,<4.0a0
  license: BSD-3-Clause
  license_family: BSD
  size: 304278
  timestamp: 1732349402869
- conda: https://conda.anaconda.org/conda-forge/linux-64/libstdcxx-14.2.0-hc0a3c3a_1.conda
  sha256: 4661af0eb9bdcbb5fb33e5d0023b001ad4be828fccdcc56500059d56f9869462
  md5: 234a5554c53625688d51062645337328
  depends:
  - libgcc 14.2.0 h77fa898_1
  license: GPL-3.0-only WITH GCC-exception-3.1
  license_family: GPL
  size: 3893695
  timestamp: 1729027746910
- conda: https://conda.anaconda.org/conda-forge/linux-64/libstdcxx-ng-14.2.0-h4852527_1.conda
  sha256: 25bb30b827d4f6d6f0522cc0579e431695503822f144043b93c50237017fffd8
  md5: 8371ac6457591af2cf6159439c1fd051
  depends:
  - libstdcxx 14.2.0 hc0a3c3a_1
  license: GPL-3.0-only WITH GCC-exception-3.1
  license_family: GPL
  size: 54105
  timestamp: 1729027780628
- conda: https://conda.anaconda.org/conda-forge/linux-64/liburcu-0.14.0-hac33072_0.conda
  sha256: 208ead1ed147f588c722ef9dec7656f538111b15fb85c04f645758fa4fa8e3c3
  md5: 0b2b4f99717fe8f82dc21a3b0c504923
  depends:
  - libgcc-ng >=12
  license: LGPL-2.0-or-later
  license_family: LGPL
  size: 176874
  timestamp: 1718888439831
- conda: https://conda.anaconda.org/conda-forge/linux-64/libxml2-2.13.5-h8d12d68_1.conda
  sha256: c3b05bdc40d27a9249f0bb60f3f71718f94104b8bcd200163a6c9d4ade7aa052
  md5: 1a21e49e190d1ffe58531a81b6e400e1
  depends:
  - __glibc >=2.17,<3.0.a0
  - icu >=75.1,<76.0a0
  - libgcc >=13
  - libiconv >=1.17,<2.0a0
  - liblzma >=5.6.3,<6.0a0
  - libzlib >=1.3.1,<2.0a0
  license: MIT
  license_family: MIT
  size: 690589
  timestamp: 1733443667823
- conda: https://conda.anaconda.org/conda-forge/linux-64/libzlib-1.3.1-hb9d3cd8_2.conda
  sha256: d4bfe88d7cb447768e31650f06257995601f89076080e76df55e3112d4e47dc4
  md5: edb0dca6bc32e4f4789199455a1dbeb8
  depends:
  - __glibc >=2.17,<3.0.a0
  - libgcc >=13
  constrains:
  - zlib 1.3.1 *_2
  license: Zlib
  license_family: Other
  size: 60963
  timestamp: 1727963148474
- conda: https://conda.anaconda.org/conda-forge/linux-64/llvm-tools-19.1.5-h84d6215_0.conda
  sha256: 1551d2c8ce1c0881ce22244584107a8303b8ca8b9bc6a6574d05069535b986be
  md5: 5a4b1c627beaf61d853fcb2cb2a3b7a2
  depends:
  - __glibc >=2.17,<3.0.a0
  - libgcc >=13
  - libllvm19 19.1.5 ha7bfdaf_0
  - libstdcxx >=13
  - llvm-tools-19 19.1.5 h48f18f5_0
  constrains:
  - llvm        19.1.5
  - clang-tools 19.1.5
  - llvmdev     19.1.5
  - clang       19.1.5
  license: Apache-2.0 WITH LLVM-exception
  license_family: Apache
  size: 86852
  timestamp: 1733310947570
- conda: https://conda.anaconda.org/conda-forge/linux-64/llvm-tools-19-19.1.5-h48f18f5_0.conda
  sha256: b578d191ac43e4388873223fff063a4851e4a89324ffb6b8b39e4996b6072d90
  md5: 2a932fba353b574713a668c4b4096297
  depends:
  - __glibc >=2.17,<3.0.a0
  - libgcc >=13
  - libllvm19 19.1.5 ha7bfdaf_0
  - libstdcxx >=13
  - libzlib >=1.3.1,<2.0a0
  - zstd >=1.5.6,<1.6.0a0
  license: Apache-2.0 WITH LLVM-exception
  license_family: Apache
  size: 23580148
  timestamp: 1733310874117
- conda: https://conda.anaconda.org/conda-forge/linux-64/lttng-ust-2.13.8-h4ab18f5_0.conda
  sha256: 2d5b663c8642e468e6deafa1d58eda62106c0eba4b84644adbe65ad04961c24c
  md5: 8b27f810f557f86d2a01df4fac886ecf
  depends:
  - libgcc-ng >=12
  - liburcu >=0.14.0,<0.15.0a0
  license: LGPL-2.1-only
  license_family: LGPL
  size: 353415
  timestamp: 1718920940804
- conda: https://conda.anaconda.org/conda-forge/linux-64/ncurses-6.5-he02047a_1.conda
  sha256: 6a1d5d8634c1a07913f1c525db6455918cbc589d745fac46d9d6e30340c8731a
  md5: 70caf8bb6cf39a0b6b7efc885f51c0fe
  depends:
  - __glibc >=2.17,<3.0.a0
  - libgcc-ng >=12
  license: X11 AND BSD-3-Clause
  size: 889086
  timestamp: 1724658547447
- conda: https://conda.anaconda.org/conda-forge/linux-64/openssl-3.4.0-hb9d3cd8_0.conda
  sha256: 814b9dff1847b132c676ee6cc1a8cb2d427320779b93e1b6d76552275c128705
  md5: 23cc74f77eb99315c0360ec3533147a9
  depends:
  - __glibc >=2.17,<3.0.a0
  - ca-certificates
  - libgcc >=13
  license: Apache-2.0
  license_family: Apache
  size: 2947466
  timestamp: 1731377666602
- conda: https://conda.anaconda.org/conda-forge/linux-64/patchelf-0.17.2-h58526e2_0.conda
  sha256: eb355ac225be2f698e19dba4dcab7cb0748225677a9799e9cc8e4cadc3cb738f
  md5: ba76a6a448819560b5f8b08a9c74f415
  depends:
  - libgcc-ng >=7.5.0
  - libstdcxx-ng >=7.5.0
  license: GPL-3.0-or-later
  license_family: GPL
  size: 94048
  timestamp: 1673473024463
- conda: https://conda.anaconda.org/conda-forge/linux-64/rattler-build-0.32.1-h51b9b6e_0.conda
  sha256: 6d9a1f1d9aaeccd35d574e526f0cb47d86f5b85bb0fcff0f5a2272ead854f905
  md5: 2c7c4edf676b6b7be77c38ccad84253c
  depends:
  - __glibc >=2.17,<3.0.a0
  - openssl >=3.4.0,<4.0a0
  - patchelf
  constrains:
  - __glibc >=2.17
  license: BSD-3-Clause
  license_family: BSD
  size: 11240257
  timestamp: 1734085758277
- conda: https://conda.anaconda.org/conda-forge/osx-64/rattler-build-0.32.1-h0f13631_0.conda
  sha256: d7abdf660d1e4e9f5e0eee6bf31e0827ba27bedb2be8571e90cff92b7a4a3bfc
  md5: 283ff18d1d5b5037acf0faa2790cba88
  depends:
  - __osx >=10.13
  constrains:
  - __osx >=10.13
  license: BSD-3-Clause
  license_family: BSD
  size: 9501862
  timestamp: 1734086159615
- conda: https://conda.anaconda.org/conda-forge/osx-arm64/rattler-build-0.32.1-hcbb27f7_0.conda
  sha256: acef3f8b2b4a9489f91709cc702dbbc6e10dce931a172674a7131df99ce976b1
  md5: 2f36b462fa14b702434f3d682aa2b005
  depends:
  - __osx >=11.0
  constrains:
  - __osx >=11.0
  license: BSD-3-Clause
  license_family: BSD
  size: 9119517
  timestamp: 1734086278266
- conda: https://conda.anaconda.org/conda-forge/win-64/rattler-build-0.32.1-h49672d7_0.conda
  sha256: a85cb83e10384183c37655e9591bf2497cc918108eb21a162c5a1caf4982e85b
  md5: 5b54ef56125328f9698b1b9184b63220
  depends:
  - ucrt >=10.0.20348.0
  - vc >=14.3,<15
  - vc14_runtime >=14.42.34433
  license: BSD-3-Clause
  license_family: BSD
  size: 8892797
  timestamp: 1734086605100
- conda: https://conda.anaconda.org/conda-forge/noarch/sysroot_linux-64-2.17-h4a8ded7_18.conda
  sha256: 23c7ab371c1b74d01a187e05aa7240e3f5654599e364a9adff7f0b02e26f471f
  md5: 0ea96f90a10838f58412aa84fdd9df09
  depends:
  - kernel-headers_linux-64 3.10.0 he073ed8_18
  - tzdata
  license: LGPL-2.0-or-later AND LGPL-2.0-or-later WITH exceptions AND GPL-2.0-or-later AND MPL-2.0
  license_family: GPL
  size: 15500960
  timestamp: 1729794510631
- conda: https://conda.anaconda.org/conda-forge/linux-64/tar-1.34-hb2e2bae_1.tar.bz2
  sha256: 469b04c8f5ed59b8765cc501b593903ca831e604a59f40d6578a3326b082a946
  md5: 55aeaa9caf9a1cfd1a8cd3ad4e7885ea
  depends:
  - libgcc-ng >=12
  - libiconv >=1.17,<2.0a0
  license: GPL-3.0-or-later
  license_family: GPL
  size: 914685
  timestamp: 1666629652927
- conda: https://prefix.dev/brads-forge/linux-64/task-3.40.1-h81b34b9_2.conda
  sha256: 70a91025d82879a42820e1f6167e94b26c829a0789f30b59472a4c024d0cdfcc
  license: MIT
  size: 5885331
  timestamp: 1734165541125
- conda: https://prefix.dev/brads-forge/osx-64/task-3.40.1-he0f4bc8_2.conda
  sha256: a663abca13f904264fb2f3c79bf8abdb1c2ea74b20892699174183496b3ebef9
  license: MIT
  size: 6056571
  timestamp: 1734165562096
- conda: https://prefix.dev/brads-forge/osx-arm64/task-3.40.1-he8ea13f_2.conda
  sha256: 4f6965553702ae489a76dce6661b22803e324b176af7102944c4d34ba0a3c028
  license: MIT
  size: 5667114
  timestamp: 1734165533113
- conda: https://prefix.dev/brads-forge/win-64/task-3.40.1-h3c70cbc_2.conda
  sha256: 50010496cf603c7864c41de8d313e5da83c7bf4e8f0fad57a0be5a1b10e16728
  license: MIT
  size: 6078813
  timestamp: 1734165596613
- conda: https://conda.anaconda.org/conda-forge/linux-64/tree-2.2.1-hb9d3cd8_0.conda
  sha256: 737f906d21a3ac03d317a0aaa86f91afd0b87f077f83bcfcc7f3b5466f523690
  md5: dab87bfc7ce750a1c2d8a68dc2dad2e8
  depends:
  - __glibc >=2.17,<3.0.a0
  - libgcc >=13
  arch: x86_64
  platform: linux
  license: GPL-2.0-only
  license_family: GPL
  size: 52264
  timestamp: 1733474145469
- conda: https://conda.anaconda.org/conda-forge/noarch/tzdata-2024b-hc8b5060_0.conda
  sha256: 4fde5c3008bf5d2db82f2b50204464314cc3c91c1d953652f7bd01d9e52aefdf
  md5: 8ac3367aafb1cc0a068483c580af8015
  license: LicenseRef-Public-Domain
  size: 122354
  timestamp: 1728047496079
- conda: https://conda.anaconda.org/conda-forge/win-64/ucrt-10.0.22621.0-h57928b3_1.conda
  sha256: db8dead3dd30fb1a032737554ce91e2819b43496a0db09927edf01c32b577450
  md5: 6797b005cd0f439c4c5c9ac565783700
  constrains:
  - vs2015_runtime >=14.29.30037
  license: LicenseRef-MicrosoftWindowsSDK10
  size: 559710
  timestamp: 1728377334097
- conda: https://conda.anaconda.org/conda-forge/win-64/vc-14.3-ha32ba9b_23.conda
  sha256: 986ddaf8feec2904eac9535a7ddb7acda1a1dfb9482088fdb8129f1595181663
  md5: 7c10ec3158d1eb4ddff7007c9101adb0
  depends:
  - vc14_runtime >=14.38.33135
  track_features:
  - vc14
  license: BSD-3-Clause
  license_family: BSD
  size: 17479
  timestamp: 1731710827215
- conda: https://conda.anaconda.org/conda-forge/win-64/vc14_runtime-14.42.34433-he29a5d6_23.conda
  sha256: c483b090c4251a260aba6ff3e83a307bcfb5fb24ad7ced872ab5d02971bd3a49
  md5: 32b37d0cfa80da34548501cdc913a832
  depends:
  - ucrt >=10.0.20348.0
  constrains:
  - vs2015_runtime 14.42.34433.* *_23
  license: LicenseRef-MicrosoftVisualCpp2015-2022Runtime
  license_family: Proprietary
  size: 754247
  timestamp: 1731710681163
- conda: https://conda.anaconda.org/conda-forge/linux-64/zlib-1.3.1-hb9d3cd8_2.conda
  sha256: 5d7c0e5f0005f74112a34a7425179f4eb6e73c92f5d109e6af4ddeca407c92ab
  md5: c9f075ab2f33b3bbee9e62d4ad0a6cd8
  depends:
  - __glibc >=2.17,<3.0.a0
  - libgcc >=13
  - libzlib 1.3.1 hb9d3cd8_2
  license: Zlib
  license_family: Other
  size: 92286
  timestamp: 1727963153079
- conda: https://conda.anaconda.org/conda-forge/linux-64/zstd-1.5.6-ha6fb4c9_0.conda
  sha256: c558b9cc01d9c1444031bd1ce4b9cff86f9085765f17627a6cd85fc623c8a02b
  md5: 4d056880988120e29d75bfff282e0f45
  depends:
  - libgcc-ng >=12
  - libstdcxx-ng >=12
  - libzlib >=1.2.13,<2.0.0a0
  license: BSD-3-Clause
  license_family: BSD
  size: 554846
  timestamp: 1714722996770
